
Microsoft Visual Studio Solution File, Format Version 12.00
# Visual Studio Version 17
VisualStudioVersion = 17.10.35122.118
MinimumVisualStudioVersion = 10.0.40219.1
Project("{778DAE3C-4631-46EA-AA77-85C1314464D9}") = "PsMove-Mouse", "PsMove-Mouse\PsMove-Mouse.vbproj", "{31F81DB8-AE7B-4251-82AD-39E63997F8A2}"
EndProject
Project("{778DAE3C-4631-46EA-AA77-85C1314464D9}") = "PSMoveServiceExCAPI", "..\..\..\Downloads\PSMoveServiceEx-CAPI.NET-master\PSMoveServiceExCAPI\PSMoveServiceExCAPI.vbproj", "{53A5CA15-FF87-48C8-B958-072886439B39}"
EndProject
Global
	GlobalSection(SolutionConfigurationPlatforms) = preSolution
		Debug|Any CPU = Debug|Any CPU
		Debug|x64 = Debug|x64
		Release|Any CPU = Release|Any CPU
		Release|x64 = Release|x64
	EndGlobalSection
	GlobalSection(ProjectConfigurationPlatforms) = postSolution
		{31F81DB8-AE7B-4251-82AD-39E63997F8A2}.Debug|Any CPU.ActiveCfg = Debug|Any CPU
		{31F81DB8-AE7B-4251-82AD-39E63997F8A2}.Debug|Any CPU.Build.0 = Debug|Any CPU
		{31F81DB8-AE7B-4251-82AD-39E63997F8A2}.Debug|x64.ActiveCfg = Debug|Any CPU
		{31F81DB8-AE7B-4251-82AD-39E63997F8A2}.Debug|x64.Build.0 = Debug|Any CPU
		{31F81DB8-AE7B-4251-82AD-39E63997F8A2}.Release|Any CPU.ActiveCfg = Release|Any CPU
		{31F81DB8-AE7B-4251-82AD-39E63997F8A2}.Release|Any CPU.Build.0 = Release|Any CPU
		{31F81DB8-AE7B-4251-82AD-39E63997F8A2}.Release|x64.ActiveCfg = Release|Any CPU
		{31F81DB8-AE7B-4251-82AD-39E63997F8A2}.Release|x64.Build.0 = Release|Any CPU
		{53A5CA15-FF87-48C8-B958-072886439B39}.Debug|Any CPU.ActiveCfg = Debug|Any CPU
		{53A5CA15-FF87-48C8-B958-072886439B39}.Debug|Any CPU.Build.0 = Debug|Any CPU
		{53A5CA15-FF87-48C8-B958-072886439B39}.Debug|x64.ActiveCfg = Debug|x64
		{53A5CA15-FF87-48C8-B958-072886439B39}.Debug|x64.Build.0 = Debug|x64
		{53A5CA15-FF87-48C8-B958-072886439B39}.Release|Any CPU.ActiveCfg = Release|Any CPU
		{53A5CA15-FF87-48C8-B958-072886439B39}.Release|Any CPU.Build.0 = Release|Any CPU
		{53A5CA15-FF87-48C8-B958-072886439B39}.Release|x64.ActiveCfg = Release|x64
		{53A5CA15-FF87-48C8-B958-072886439B39}.Release|x64.Build.0 = Release|x64
	EndGlobalSection
	GlobalSection(SolutionProperties) = preSolution
		HideSolutionNode = FALSE
	EndGlobalSection
	GlobalSection(ExtensibilityGlobals) = postSolution
		SolutionGuid = {E407BDF9-AE40-45A5-8BAF-EB7CD7CFF4B9}
	EndGlobalSection
EndGlobal
